{
  "name": "web_VUE",
  "lockfileVersion": 3,
  "requires": true,
  "packages": {
    "": {
      "dependencies": {
        "pubsub": "^3.2.1"
      }
    },
    "node_modules/pubsub": {
      "version": "3.2.1",
      "resolved": "https://registry.npmmirror.com/pubsub/-/pubsub-3.2.1.tgz",
      "integrity": "sha512-SuM1yTjJg5mQRVi1ADjjQ/U+pYujijtYvxZLPLvrivSJe9Bh3/cqDFS1RKdmLW2VKwRPc9lCj2s3loJKDbGdwg=="
    }
  }
}
